
Microsoft Visual Studio Solution File, Format Version 12.00
# Visual Studio Version 16
VisualStudioVersion = 16.0.30517.126
MinimumVisualStudioVersion = 10.0.40219.1
Project("{8BC9CEB8-8B4A-11D0-8D11-00A0C91BC942}") = "TurnBasedStrategy", "TurnBasedStrategy\TurnBasedStrategy.vcxproj", "{8187776A-B6A1-46BF-A4C8-C82F7F15015F}"
EndProject
Project("{8BC9CEB8-8B4A-11D0-8D11-00A0C91BC942}") = "EngineTest", "EngineTest\EngineTest.vcxproj", "{C10B35BC-535F-457B-ABCE-3063A6A3E7E4}"
EndProject
Project("{8BC9CEB8-8B4A-11D0-8D11-00A0C91BC942}") = "WarTest", "WarTest\WarTest.vcxproj", "{90F79CF0-95F8-49AE-8D99-CDF8DDC68F9B}"
EndProject
Project("{8BC9CEB8-8B4A-11D0-8D11-00A0C91BC942}") = "ScienceTest", "ScienceTest\ScienceTest.vcxproj", "{2E4488FF-B88D-4EE1-A895-5534D97BC9AA}"
EndProject
Project("{8BC9CEB8-8B4A-11D0-8D11-00A0C91BC942}") = "MapTest", "MapTest\MapTest.vcxproj", "{6298AB21-5496-47C8-9A38-9D6E67C77301}"
EndProject
Project("{8BC9CEB8-8B4A-11D0-8D11-00A0C91BC942}") = "EconomicsTest", "EconomicsTest\EconomicsTest.vcxproj", "{45FBE348-21F8-446C-AC96-F68BD32D5EC9}"
EndProject
Global
	GlobalSection(SolutionConfigurationPlatforms) = preSolution
		Debug|x64 = Debug|x64
		Debug|x86 = Debug|x86
		Release|x64 = Release|x64
		Release|x86 = Release|x86
	EndGlobalSection
	GlobalSection(ProjectConfigurationPlatforms) = postSolution
		{8187776A-B6A1-46BF-A4C8-C82F7F15015F}.Debug|x64.ActiveCfg = Debug|x64
		{8187776A-B6A1-46BF-A4C8-C82F7F15015F}.Debug|x64.Build.0 = Debug|x64
		{8187776A-B6A1-46BF-A4C8-C82F7F15015F}.Debug|x86.ActiveCfg = Debug|Win32
		{8187776A-B6A1-46BF-A4C8-C82F7F15015F}.Debug|x86.Build.0 = Debug|Win32
		{8187776A-B6A1-46BF-A4C8-C82F7F15015F}.Release|x64.ActiveCfg = Release|x64
		{8187776A-B6A1-46BF-A4C8-C82F7F15015F}.Release|x64.Build.0 = Release|x64
		{8187776A-B6A1-46BF-A4C8-C82F7F15015F}.Release|x86.ActiveCfg = Release|Win32
		{8187776A-B6A1-46BF-A4C8-C82F7F15015F}.Release|x86.Build.0 = Release|Win32
		{C10B35BC-535F-457B-ABCE-3063A6A3E7E4}.Debug|x64.ActiveCfg = Debug|x64
		{C10B35BC-535F-457B-ABCE-3063A6A3E7E4}.Debug|x64.Build.0 = Debug|x64
		{C10B35BC-535F-457B-ABCE-3063A6A3E7E4}.Debug|x86.ActiveCfg = Debug|Win32
		{C10B35BC-535F-457B-ABCE-3063A6A3E7E4}.Debug|x86.Build.0 = Debug|Win32
		{C10B35BC-535F-457B-ABCE-3063A6A3E7E4}.Release|x64.ActiveCfg = Release|x64
		{C10B35BC-535F-457B-ABCE-3063A6A3E7E4}.Release|x64.Build.0 = Release|x64
		{C10B35BC-535F-457B-ABCE-3063A6A3E7E4}.Release|x86.ActiveCfg = Release|Win32
		{C10B35BC-535F-457B-ABCE-3063A6A3E7E4}.Release|x86.Build.0 = Release|Win32
		{90F79CF0-95F8-49AE-8D99-CDF8DDC68F9B}.Debug|x64.ActiveCfg = Debug|x64
		{90F79CF0-95F8-49AE-8D99-CDF8DDC68F9B}.Debug|x64.Build.0 = Debug|x64
		{90F79CF0-95F8-49AE-8D99-CDF8DDC68F9B}.Debug|x86.ActiveCfg = Debug|Win32
		{90F79CF0-95F8-49AE-8D99-CDF8DDC68F9B}.Debug|x86.Build.0 = Debug|Win32
		{90F79CF0-95F8-49AE-8D99-CDF8DDC68F9B}.Release|x64.ActiveCfg = Release|x64
		{90F79CF0-95F8-49AE-8D99-CDF8DDC68F9B}.Release|x64.Build.0 = Release|x64
		{90F79CF0-95F8-49AE-8D99-CDF8DDC68F9B}.Release|x86.ActiveCfg = Release|Win32
		{90F79CF0-95F8-49AE-8D99-CDF8DDC68F9B}.Release|x86.Build.0 = Release|Win32
		{2E4488FF-B88D-4EE1-A895-5534D97BC9AA}.Debug|x64.ActiveCfg = Debug|x64
		{2E4488FF-B88D-4EE1-A895-5534D97BC9AA}.Debug|x64.Build.0 = Debug|x64
		{2E4488FF-B88D-4EE1-A895-5534D97BC9AA}.Debug|x86.ActiveCfg = Debug|Win32
		{2E4488FF-B88D-4EE1-A895-5534D97BC9AA}.Debug|x86.Build.0 = Debug|Win32
		{2E4488FF-B88D-4EE1-A895-5534D97BC9AA}.Release|x64.ActiveCfg = Release|x64
		{2E4488FF-B88D-4EE1-A895-5534D97BC9AA}.Release|x64.Build.0 = Release|x64
		{2E4488FF-B88D-4EE1-A895-5534D97BC9AA}.Release|x86.ActiveCfg = Release|Win32
		{2E4488FF-B88D-4EE1-A895-5534D97BC9AA}.Release|x86.Build.0 = Release|Win32
		{6298AB21-5496-47C8-9A38-9D6E67C77301}.Debug|x64.ActiveCfg = Debug|x64
		{6298AB21-5496-47C8-9A38-9D6E67C77301}.Debug|x64.Build.0 = Debug|x64
		{6298AB21-5496-47C8-9A38-9D6E67C77301}.Debug|x86.ActiveCfg = Debug|Win32
		{6298AB21-5496-47C8-9A38-9D6E67C77301}.Debug|x86.Build.0 = Debug|Win32
		{6298AB21-5496-47C8-9A38-9D6E67C77301}.Release|x64.ActiveCfg = Release|x64
		{6298AB21-5496-47C8-9A38-9D6E67C77301}.Release|x64.Build.0 = Release|x64
		{6298AB21-5496-47C8-9A38-9D6E67C77301}.Release|x86.ActiveCfg = Release|Win32
		{6298AB21-5496-47C8-9A38-9D6E67C77301}.Release|x86.Build.0 = Release|Win32
		{45FBE348-21F8-446C-AC96-F68BD32D5EC9}.Debug|x64.ActiveCfg = Debug|x64
		{45FBE348-21F8-446C-AC96-F68BD32D5EC9}.Debug|x64.Build.0 = Debug|x64
		{45FBE348-21F8-446C-AC96-F68BD32D5EC9}.Debug|x86.ActiveCfg = Debug|Win32
		{45FBE348-21F8-446C-AC96-F68BD32D5EC9}.Debug|x86.Build.0 = Debug|Win32
		{45FBE348-21F8-446C-AC96-F68BD32D5EC9}.Release|x64.ActiveCfg = Release|x64
		{45FBE348-21F8-446C-AC96-F68BD32D5EC9}.Release|x64.Build.0 = Release|x64
		{45FBE348-21F8-446C-AC96-F68BD32D5EC9}.Release|x86.ActiveCfg = Release|Win32
		{45FBE348-21F8-446C-AC96-F68BD32D5EC9}.Release|x86.Build.0 = Release|Win32
	EndGlobalSection
	GlobalSection(SolutionProperties) = preSolution
		HideSolutionNode = FALSE
	EndGlobalSection
	GlobalSection(ExtensibilityGlobals) = postSolution
		SolutionGuid = {BBEA647F-57F9-4E60-9E7A-29F60184EB0D}
	EndGlobalSection
EndGlobal
